// !$*UTF8*$!
{
	archiveVersion = 1;
	classes = {
	};
	objectVersion = 56;
	objects = {

/* Begin PBXBuildFile section */
		F1D8B7052BED9B8400B47819 /* AppDelegate.swift in Sources */ = {isa = PBXBuildFile; fileRef = F1D8B7042BED9B8400B47819 /* AppDelegate.swift */; };
		F1D8B7092BED9B8500B47819 /* Assets.xcassets in Resources */ = {isa = PBXBuildFile; fileRef = F1D8B7082BED9B8500B47819 /* Assets.xcassets */; };
		F1D8B71A2BED9BA700B47819 /* RectanglesTests.swift in Sources */ = {isa = PBXBuildFile; fileRef = F1D8B7192BED9BA700B47819 /* RectanglesTests.swift */; };
		F1D8B7212BEE263200B47819 /* main.swift in Sources */ = {isa = PBXBuildFile; fileRef = F1D8B7202BEE263200B47819 /* main.swift */; };
		F1D8B7232BEE269E00B47819 /* MainWindow.swift in Sources */ = {isa = PBXBuildFile; fileRef = F1D8B7222BEE269E00B47819 /* MainWindow.swift */; };
		F1D8B7252BEE271600B47819 /* MyFileManager.swift in Sources */ = {isa = PBXBuildFile; fileRef = F1D8B7242BEE271600B47819 /* MyFileManager.swift */; };
		F1D8B7292BEE277900B47819 /* RectangleModel.swift in Sources */ = {isa = PBXBuildFile; fileRef = F1D8B7282BEE277900B47819 /* RectangleModel.swift */; };
		F1D8B72B2BEE278500B47819 /* MainModel.swift in Sources */ = {isa = PBXBuildFile; fileRef = F1D8B72A2BEE278500B47819 /* MainModel.swift */; };
		F1D8B72D2BEE27DA00B47819 /* RectanglesDataSource.swift in Sources */ = {isa = PBXBuildFile; fileRef = F1D8B72C2BEE27DA00B47819 /* RectanglesDataSource.swift */; };
		F1D8B7302BEE281C00B47819 /* MainLogicController.swift in Sources */ = {isa = PBXBuildFile; fileRef = F1D8B72F2BEE281C00B47819 /* MainLogicController.swift */; };
		F1D8B7322BEE283000B47819 /* MainViewController.swift in Sources */ = {isa = PBXBuildFile; fileRef = F1D8B7312BEE283000B47819 /* MainViewController.swift */; };
/* End PBXBuildFile section */

/* Begin PBXContainerItemProxy section */
		F1D8B71B2BED9BA700B47819 /* PBXContainerItemProxy */ = {
			isa = PBXContainerItemProxy;
			containerPortal = F1D8B6F92BED9B8400B47819 /* Project object */;
			proxyType = 1;
			remoteGlobalIDString = F1D8B7002BED9B8400B47819;
			remoteInfo = Rectangles;
		};
/* End PBXContainerItemProxy section */

/* Begin PBXFileReference section */
		F1D8B7012BED9B8400B47819 /* Rectangles.app */ = {isa = PBXFileReference; explicitFileType = wrapper.application; includeInIndex = 0; path = Rectangles.app; sourceTree = BUILT_PRODUCTS_DIR; };
		F1D8B7042BED9B8400B47819 /* AppDelegate.swift */ = {isa = PBXFileReference; lastKnownFileType = sourcecode.swift; path = AppDelegate.swift; sourceTree = "<group>"; };
		F1D8B7082BED9B8500B47819 /* Assets.xcassets */ = {isa = PBXFileReference; lastKnownFileType = folder.assetcatalog; path = Assets.xcassets; sourceTree = "<group>"; };
		F1D8B70D2BED9B8500B47819 /* Rectangles.entitlements */ = {isa = PBXFileReference; lastKnownFileType = text.plist.entitlements; path = Rectangles.entitlements; sourceTree = "<group>"; };
		F1D8B7172BED9BA700B47819 /* RectanglesTests.xctest */ = {isa = PBXFileReference; explicitFileType = wrapper.cfbundle; includeInIndex = 0; path = RectanglesTests.xctest; sourceTree = BUILT_PRODUCTS_DIR; };
		F1D8B7192BED9BA700B47819 /* RectanglesTests.swift */ = {isa = PBXFileReference; lastKnownFileType = sourcecode.swift; path = RectanglesTests.swift; sourceTree = "<group>"; };
		F1D8B7202BEE263200B47819 /* main.swift */ = {isa = PBXFileReference; lastKnownFileType = sourcecode.swift; path = main.swift; sourceTree = "<group>"; };
		F1D8B7222BEE269E00B47819 /* MainWindow.swift */ = {isa = PBXFileReference; lastKnownFileType = sourcecode.swift; path = MainWindow.swift; sourceTree = "<group>"; };
		F1D8B7242BEE271600B47819 /* MyFileManager.swift */ = {isa = PBXFileReference; lastKnownFileType = sourcecode.swift; path = MyFileManager.swift; sourceTree = "<group>"; };
		F1D8B7282BEE277900B47819 /* RectangleModel.swift */ = {isa = PBXFileReference; lastKnownFileType = sourcecode.swift; path = RectangleModel.swift; sourceTree = "<group>"; };
		F1D8B72A2BEE278500B47819 /* MainModel.swift */ = {isa = PBXFileReference; lastKnownFileType = sourcecode.swift; path = MainModel.swift; sourceTree = "<group>"; };
		F1D8B72C2BEE27DA00B47819 /* RectanglesDataSource.swift */ = {isa = PBXFileReference; lastKnownFileType = sourcecode.swift; path = RectanglesDataSource.swift; sourceTree = "<group>"; };
		F1D8B72F2BEE281C00B47819 /* MainLogicController.swift */ = {isa = PBXFileReference; lastKnownFileType = sourcecode.swift; path = MainLogicController.swift; sourceTree = "<group>"; };
		F1D8B7312BEE283000B47819 /* MainViewController.swift */ = {isa = PBXFileReference; lastKnownFileType = sourcecode.swift; path = MainViewController.swift; sourceTree = "<group>"; };
/* End PBXFileReference section */

/* Begin PBXFrameworksBuildPhase section */
		F1D8B6FE2BED9B8400B47819 /* Frameworks */ = {
			isa = PBXFrameworksBuildPhase;
			buildActionMask = 2147483647;
			files = (
			);
			runOnlyForDeploymentPostprocessing = 0;
		};
		F1D8B7142BED9BA700B47819 /* Frameworks */ = {
			isa = PBXFrameworksBuildPhase;
			buildActionMask = 2147483647;
			files = (
			);
			runOnlyForDeploymentPostprocessing = 0;
		};
/* End PBXFrameworksBuildPhase section */

/* Begin PBXGroup section */
		F1D8B6F82BED9B8400B47819 = {
			isa = PBXGroup;
			children = (
				F1D8B7032BED9B8400B47819 /* Rectangles */,
				F1D8B7182BED9BA700B47819 /* RectanglesTests */,
				F1D8B7022BED9B8400B47819 /* Products */,
			);
			sourceTree = "<group>";
		};
		F1D8B7022BED9B8400B47819 /* Products */ = {
			isa = PBXGroup;
			children = (
				F1D8B7012BED9B8400B47819 /* Rectangles.app */,
				F1D8B7172BED9BA700B47819 /* RectanglesTests.xctest */,
			);
			name = Products;
			sourceTree = "<group>";
		};
		F1D8B7032BED9B8400B47819 /* Rectangles */ = {
			isa = PBXGroup;
			children = (
				F1D8B72E2BEE280400B47819 /* Controllers */,
				F1D8B7272BEE272300B47819 /* DataSources */,
				F1D8B7262BEE271C00B47819 /* Models */,
				F1D8B7042BED9B8400B47819 /* AppDelegate.swift */,
				F1D8B7082BED9B8500B47819 /* Assets.xcassets */,
				F1D8B70D2BED9B8500B47819 /* Rectangles.entitlements */,
				F1D8B7202BEE263200B47819 /* main.swift */,
				F1D8B7222BEE269E00B47819 /* MainWindow.swift */,
				F1D8B7242BEE271600B47819 /* MyFileManager.swift */,
			);
			path = Rectangles;
			sourceTree = "<group>";
		};
		F1D8B7182BED9BA700B47819 /* RectanglesTests */ = {
			isa = PBXGroup;
			children = (
				F1D8B7192BED9BA700B47819 /* RectanglesTests.swift */,
			);
			path = RectanglesTests;
			sourceTree = "<group>";
		};
		F1D8B7262BEE271C00B47819 /* Models */ = {
			isa = PBXGroup;
			children = (
				F1D8B7282BEE277900B47819 /* RectangleModel.swift */,
				F1D8B72A2BEE278500B47819 /* MainModel.swift */,
			);
			path = Models;
			sourceTree = "<group>";
		};
		F1D8B7272BEE272300B47819 /* DataSources */ = {
			isa = PBXGroup;
			children = (
				F1D8B72C2BEE27DA00B47819 /* RectanglesDataSource.swift */,
			);
			path = DataSources;
			sourceTree = "<group>";
		};
		F1D8B72E2BEE280400B47819 /* Controllers */ = {
			isa = PBXGroup;
			children = (
				F1D8B72F2BEE281C00B47819 /* MainLogicController.swift */,
				F1D8B7312BEE283000B47819 /* MainViewController.swift */,
			);
			path = Controllers;
			sourceTree = "<group>";
		};
/* End PBXGroup section */

/* Begin PBXNativeTarget section */
		F1D8B7002BED9B8400B47819 /* Rectangles */ = {
			isa = PBXNativeTarget;
			buildConfigurationList = F1D8B7102BED9B8500B47819 /* Build configuration list for PBXNativeTarget "Rectangles" */;
			buildPhases = (
				F1D8B6FD2BED9B8400B47819 /* Sources */,
				F1D8B6FE2BED9B8400B47819 /* Frameworks */,
				F1D8B6FF2BED9B8400B47819 /* Resources */,
			);
			buildRules = (
			);
			dependencies = (
			);
			name = Rectangles;
			productName = Rectangles;
			productReference = F1D8B7012BED9B8400B47819 /* Rectangles.app */;
			productType = "com.apple.product-type.application";
		};
		F1D8B7162BED9BA700B47819 /* RectanglesTests */ = {
			isa = PBXNativeTarget;
			buildConfigurationList = F1D8B71D2BED9BA700B47819 /* Build configuration list for PBXNativeTarget "RectanglesTests" */;
			buildPhases = (
				F1D8B7132BED9BA700B47819 /* Sources */,
				F1D8B7142BED9BA700B47819 /* Frameworks */,
				F1D8B7152BED9BA700B47819 /* Resources */,
			);
			buildRules = (
			);
			dependencies = (
				F1D8B71C2BED9BA700B47819 /* PBXTargetDependency */,
			);
			name = RectanglesTests;
			productName = RectanglesTests;
			productReference = F1D8B7172BED9BA700B47819 /* RectanglesTests.xctest */;
			productType = "com.apple.product-type.bundle.unit-test";
		};
/* End PBXNativeTarget section */

/* Begin PBXProject section */
		F1D8B6F92BED9B8400B47819 /* Project object */ = {
			isa = PBXProject;
			attributes = {
				BuildIndependentTargetsInParallel = 1;
				LastSwiftUpdateCheck = 1530;
				LastUpgradeCheck = 1530;
				TargetAttributes = {
					F1D8B7002BED9B8400B47819 = {
						CreatedOnToolsVersion = 15.3;
					};
					F1D8B7162BED9BA700B47819 = {
						CreatedOnToolsVersion = 15.3;
						TestTargetID = F1D8B7002BED9B8400B47819;
					};
				};
			};
			buildConfigurationList = F1D8B6FC2BED9B8400B47819 /* Build configuration list for PBXProject "Rectangles" */;
			compatibilityVersion = "Xcode 14.0";
			developmentRegion = en;
			hasScannedForEncodings = 0;
			knownRegions = (
				en,
				Base,
			);
			mainGroup = F1D8B6F82BED9B8400B47819;
			productRefGroup = F1D8B7022BED9B8400B47819 /* Products */;
			projectDirPath = "";
			projectRoot = "";
			targets = (
				F1D8B7002BED9B8400B47819 /* Rectangles */,
				F1D8B7162BED9BA700B47819 /* RectanglesTests */,
			);
		};
/* End PBXProject section */

/* Begin PBXResourcesBuildPhase section */
		F1D8B6FF2BED9B8400B47819 /* Resources */ = {
			isa = PBXResourcesBuildPhase;
			buildActionMask = 2147483647;
			files = (
				F1D8B7092BED9B8500B47819 /* Assets.xcassets in Resources */,
			);
			runOnlyForDeploymentPostprocessing = 0;
		};
		F1D8B7152BED9BA700B47819 /* Resources */ = {
			isa = PBXResourcesBuildPhase;
			buildActionMask = 2147483647;
			files = (
			);
			runOnlyForDeploymentPostprocessing = 0;
		};
/* End PBXResourcesBuildPhase section */

/* Begin PBXSourcesBuildPhase section */
		F1D8B6FD2BED9B8400B47819 /* Sources */ = {
			isa = PBXSourcesBuildPhase;
			buildActionMask = 2147483647;
			files = (
				F1D8B72D2BEE27DA00B47819 /* RectanglesDataSource.swift in Sources */,
				F1D8B7302BEE281C00B47819 /* MainLogicController.swift in Sources */,
				F1D8B7252BEE271600B47819 /* MyFileManager.swift in Sources */,
				F1D8B7232BEE269E00B47819 /* MainWindow.swift in Sources */,
				F1D8B72B2BEE278500B47819 /* MainModel.swift in Sources */,
				F1D8B7292BEE277900B47819 /* RectangleModel.swift in Sources */,
				F1D8B7052BED9B8400B47819 /* AppDelegate.swift in Sources */,
				F1D8B7212BEE263200B47819 /* main.swift in Sources */,
				F1D8B7322BEE283000B47819 /* MainViewController.swift in Sources */,
			);
			runOnlyForDeploymentPostprocessing = 0;
		};
		F1D8B7132BED9BA700B47819 /* Sources */ = {
			isa = PBXSourcesBuildPhase;
			buildActionMask = 2147483647;
			files = (
				F1D8B71A2BED9BA700B47819 /* RectanglesTests.swift in Sources */,
			);
			runOnlyForDeploymentPostprocessing = 0;
		};
/* End PBXSourcesBuildPhase section */

/* Begin PBXTargetDependency section */
		F1D8B71C2BED9BA700B47819 /* PBXTargetDependency */ = {
			isa = PBXTargetDependency;
			target = F1D8B7002BED9B8400B47819 /* Rectangles */;
			targetProxy = F1D8B71B2BED9BA700B47819 /* PBXContainerItemProxy */;
		};
/* End PBXTargetDependency section */

/* Begin XCBuildConfiguration section */
		F1D8B70E2BED9B8500B47819 /* Debug */ = {
			isa = XCBuildConfiguration;
			buildSettings = {
				ALWAYS_SEARCH_USER_PATHS = NO;
				ASSETCATALOG_COMPILER_GENERATE_SWIFT_ASSET_SYMBOL_EXTENSIONS = YES;
				CLANG_ANALYZER_NONNULL = YES;
				CLANG_ANALYZER_NUMBER_OBJECT_CONVERSION = YES_AGGRESSIVE;
				CLANG_CXX_LANGUAGE_STANDARD = "gnu++20";
				CLANG_ENABLE_MODULES = YES;
				CLANG_ENABLE_OBJC_ARC = YES;
				CLANG_ENABLE_OBJC_WEAK = YES;
				CLANG_WARN_BLOCK_CAPTURE_AUTORELEASING = YES;
				CLANG_WARN_BOOL_CONVERSION = YES;
				CLANG_WARN_COMMA = YES;
				CLANG_WARN_CONSTANT_CONVERSION = YES;
				CLANG_WARN_DEPRECATED_OBJC_IMPLEMENTATIONS = YES;
				CLANG_WARN_DIRECT_OBJC_ISA_USAGE = YES_ERROR;
				CLANG_WARN_DOCUMENTATION_COMMENTS = YES;
				CLANG_WARN_EMPTY_BODY = YES;
				CLANG_WARN_ENUM_CONVERSION = YES;
				CLANG_WARN_INFINITE_RECURSION = YES;
				CLANG_WARN_INT_CONVERSION = YES;
				CLANG_WARN_NON_LITERAL_NULL_CONVERSION = YES;
				CLANG_WARN_OBJC_IMPLICIT_RETAIN_SELF = YES;
				CLANG_WARN_OBJC_LITERAL_CONVERSION = YES;
				CLANG_WARN_OBJC_ROOT_CLASS = YES_ERROR;
				CLANG_WARN_QUOTED_INCLUDE_IN_FRAMEWORK_HEADER = YES;
				CLANG_WARN_RANGE_LOOP_ANALYSIS = YES;
				CLANG_WARN_STRICT_PROTOTYPES = YES;
				CLANG_WARN_SUSPICIOUS_MOVE = YES;
				CLANG_WARN_UNGUARDED_AVAILABILITY = YES_AGGRESSIVE;
				CLANG_WARN_UNREACHABLE_CODE = YES;
				CLANG_WARN__DUPLICATE_METHOD_MATCH = YES;
				COPY_PHASE_STRIP = NO;
				DEBUG_INFORMATION_FORMAT = dwarf;
				ENABLE_STRICT_OBJC_MSGSEND = YES;
				ENABLE_TESTABILITY = YES;
				ENABLE_USER_SCRIPT_SANDBOXING = YES;
				GCC_C_LANGUAGE_STANDARD = gnu17;
				GCC_DYNAMIC_NO_PIC = NO;
				GCC_NO_COMMON_BLOCKS = YES;
				GCC_OPTIMIZATION_LEVEL = 0;
				GCC_PREPROCESSOR_DEFINITIONS = (
					"DEBUG=1",
					"$(inherited)",
				);
				GCC_WARN_64_TO_32_BIT_CONVERSION = YES;
				GCC_WARN_ABOUT_RETURN_TYPE = YES_ERROR;
				GCC_WARN_UNDECLARED_SELECTOR = YES;
				GCC_WARN_UNINITIALIZED_AUTOS = YES_AGGRESSIVE;
				GCC_WARN_UNUSED_FUNCTION = YES;
				GCC_WARN_UNUSED_VARIABLE = YES;
				LOCALIZATION_PREFERS_STRING_CATALOGS = YES;
				MACOSX_DEPLOYMENT_TARGET = 14.4;
				MTL_ENABLE_DEBUG_INFO = INCLUDE_SOURCE;
				MTL_FAST_MATH = YES;
				ONLY_ACTIVE_ARCH = YES;
				SDKROOT = macosx;
				SWIFT_ACTIVE_COMPILATION_CONDITIONS = "DEBUG $(inherited)";
				SWIFT_OPTIMIZATION_LEVEL = "-Onone";
			};
			name = Debug;
		};
		F1D8B70F2BED9B8500B47819 /* Release */ = {
			isa = XCBuildConfiguration;
			buildSettings = {
				ALWAYS_SEARCH_USER_PATHS = NO;
				ASSETCATALOG_COMPILER_GENERATE_SWIFT_ASSET_SYMBOL_EXTENSIONS = YES;
				CLANG_ANALYZER_NONNULL = YES;
				CLANG_ANALYZER_NUMBER_OBJECT_CONVERSION = YES_AGGRESSIVE;
				CLANG_CXX_LANGUAGE_STANDARD = "gnu++20";
				CLANG_ENABLE_MODULES = YES;
				CLANG_ENABLE_OBJC_ARC = YES;
				CLANG_ENABLE_OBJC_WEAK = YES;
				CLANG_WARN_BLOCK_CAPTURE_AUTORELEASING = YES;
				CLANG_WARN_BOOL_CONVERSION = YES;
				CLANG_WARN_COMMA = YES;
				CLANG_WARN_CONSTANT_CONVERSION = YES;
				CLANG_WARN_DEPRECATED_OBJC_IMPLEMENTATIONS = YES;
				CLANG_WARN_DIRECT_OBJC_ISA_USAGE = YES_ERROR;
				CLANG_WARN_DOCUMENTATION_COMMENTS = YES;
				CLANG_WARN_EMPTY_BODY = YES;
				CLANG_WARN_ENUM_CONVERSION = YES;
				CLANG_WARN_INFINITE_RECURSION = YES;
				CLANG_WARN_INT_CONVERSION = YES;
				CLANG_WARN_NON_LITERAL_NULL_CONVERSION = YES;
				CLANG_WARN_OBJC_IMPLICIT_RETAIN_SELF = YES;
				CLANG_WARN_OBJC_LITERAL_CONVERSION = YES;
				CLANG_WARN_OBJC_ROOT_CLASS = YES_ERROR;
				CLANG_WARN_QUOTED_INCLUDE_IN_FRAMEWORK_HEADER = YES;
				CLANG_WARN_RANGE_LOOP_ANALYSIS = YES;
				CLANG_WARN_STRICT_PROTOTYPES = YES;
				CLANG_WARN_SUSPICIOUS_MOVE = YES;
				CLANG_WARN_UNGUARDED_AVAILABILITY = YES_AGGRESSIVE;
				CLANG_WARN_UNREACHABLE_CODE = YES;
				CLANG_WARN__DUPLICATE_METHOD_MATCH = YES;
				COPY_PHASE_STRIP = NO;
				DEBUG_INFORMATION_FORMAT = "dwarf-with-dsym";
				ENABLE_NS_ASSERTIONS = NO;
				ENABLE_STRICT_OBJC_MSGSEND = YES;
				ENABLE_USER_SCRIPT_SANDBOXING = YES;
				GCC_C_LANGUAGE_STANDARD = gnu17;
				GCC_NO_COMMON_BLOCKS = YES;
				GCC_WARN_64_TO_32_BIT_CONVERSION = YES;
				GCC_WARN_ABOUT_RETURN_TYPE = YES_ERROR;
				GCC_WARN_UNDECLARED_SELECTOR = YES;
				GCC_WARN_UNINITIALIZED_AUTOS = YES_AGGRESSIVE;
				GCC_WARN_UNUSED_FUNCTION = YES;
				GCC_WARN_UNUSED_VARIABLE = YES;
				LOCALIZATION_PREFERS_STRING_CATALOGS = YES;
				MACOSX_DEPLOYMENT_TARGET = 14.4;
				MTL_ENABLE_DEBUG_INFO = NO;
				MTL_FAST_MATH = YES;
				SDKROOT = macosx;
				SWIFT_COMPILATION_MODE = wholemodule;
			};
			name = Release;
		};
		F1D8B7112BED9B8500B47819 /* Debug */ = {
			isa = XCBuildConfiguration;
			buildSettings = {
				ASSETCATALOG_COMPILER_APPICON_NAME = AppIcon;
				ASSETCATALOG_COMPILER_GLOBAL_ACCENT_COLOR_NAME = AccentColor;
				CODE_SIGN_ENTITLEMENTS = Rectangles/Rectangles.entitlements;
				CODE_SIGN_STYLE = Automatic;
				COMBINE_HIDPI_IMAGES = YES;
				CURRENT_PROJECT_VERSION = 1;
				GENERATE_INFOPLIST_FILE = YES;
				INFOPLIST_KEY_NSHumanReadableCopyright = "";
				INFOPLIST_KEY_NSMainStoryboardFile = "";
				INFOPLIST_KEY_NSPrincipalClass = NSApplication;
				LD_RUNPATH_SEARCH_PATHS = (
					"$(inherited)",
					"@executable_path/../Frameworks",
				);
				MARKETING_VERSION = 1.0;
				PRODUCT_BUNDLE_IDENTIFIER = com.carol.Rectangles;
				PRODUCT_NAME = "$(TARGET_NAME)";
				SWIFT_EMIT_LOC_STRINGS = YES;
				SWIFT_VERSION = 5.0;
			};
			name = Debug;
		};
		F1D8B7122BED9B8500B47819 /* Release */ = {
			isa = XCBuildConfiguration;
			buildSettings = {
				ASSETCATALOG_COMPILER_APPICON_NAME = AppIcon;
				ASSETCATALOG_COMPILER_GLOBAL_ACCENT_COLOR_NAME = AccentColor;
				CODE_SIGN_ENTITLEMENTS = Rectangles/Rectangles.entitlements;
				CODE_SIGN_STYLE = Automatic;
				COMBINE_HIDPI_IMAGES = YES;
				CURRENT_PROJECT_VERSION = 1;
				GENERATE_INFOPLIST_FILE = YES;
				INFOPLIST_KEY_NSHumanReadableCopyright = "";
				INFOPLIST_KEY_NSMainStoryboardFile = "";
				INFOPLIST_KEY_NSPrincipalClass = NSApplication;
				LD_RUNPATH_SEARCH_PATHS = (
					"$(inherited)",
					"@executable_path/../Frameworks",
				);
				MARKETING_VERSION = 1.0;
				PRODUCT_BUNDLE_IDENTIFIER = com.carol.Rectangles;
				PRODUCT_NAME = "$(TARGET_NAME)";
				SWIFT_EMIT_LOC_STRINGS = YES;
				SWIFT_VERSION = 5.0;
			};
			name = Release;
		};
		F1D8B71E2BED9BA700B47819 /* Debug */ = {
			isa = XCBuildConfiguration;
			buildSettings = {
				BUNDLE_LOADER = "$(TEST_HOST)";
				CODE_SIGN_STYLE = Automatic;
				CURRENT_PROJECT_VERSION = 1;
				GENERATE_INFOPLIST_FILE = YES;
				MARKETING_VERSION = 1.0;
				PRODUCT_BUNDLE_IDENTIFIER = com.carol.RectanglesTests;
				PRODUCT_NAME = "$(TARGET_NAME)";
				SWIFT_EMIT_LOC_STRINGS = NO;
				SWIFT_VERSION = 5.0;
				TEST_HOST = "$(BUILT_PRODUCTS_DIR)/Rectangles.app/$(BUNDLE_EXECUTABLE_FOLDER_PATH)/Rectangles";
			};
			name = Debug;
		};
		F1D8B71F2BED9BA700B47819 /* Release */ = {
			isa = XCBuildConfiguration;
			buildSettings = {
				BUNDLE_LOADER = "$(TEST_HOST)";
				CODE_SIGN_STYLE = Automatic;
				CURRENT_PROJECT_VERSION = 1;
				GENERATE_INFOPLIST_FILE = YES;
				MARKETING_VERSION = 1.0;
				PRODUCT_BUNDLE_IDENTIFIER = com.carol.RectanglesTests;
				PRODUCT_NAME = "$(TARGET_NAME)";
				SWIFT_EMIT_LOC_STRINGS = NO;
				SWIFT_VERSION = 5.0;
				TEST_HOST = "$(BUILT_PRODUCTS_DIR)/Rectangles.app/$(BUNDLE_EXECUTABLE_FOLDER_PATH)/Rectangles";
			};
			name = Release;
		};
/* End XCBuildConfiguration section */

/* Begin XCConfigurationList section */
		F1D8B6FC2BED9B8400B47819 /* Build configuration list for PBXProject "Rectangles" */ = {
			isa = XCConfigurationList;
			buildConfigurations = (
				F1D8B70E2BED9B8500B47819 /* Debug */,
				F1D8B70F2BED9B8500B47819 /* Release */,
			);
			defaultConfigurationIsVisible = 0;
			defaultConfigurationName = Release;
		};
		F1D8B7102BED9B8500B47819 /* Build configuration list for PBXNativeTarget "Rectangles" */ = {
			isa = XCConfigurationList;
			buildConfigurations = (
				F1D8B7112BED9B8500B47819 /* Debug */,
				F1D8B7122BED9B8500B47819 /* Release */,
			);
			defaultConfigurationIsVisible = 0;
			defaultConfigurationName = Release;
		};
		F1D8B71D2BED9BA700B47819 /* Build configuration list for PBXNativeTarget "RectanglesTests" */ = {
			isa = XCConfigurationList;
			buildConfigurations = (
				F1D8B71E2BED9BA700B47819 /* Debug */,
				F1D8B71F2BED9BA700B47819 /* Release */,
			);
			defaultConfigurationIsVisible = 0;
			defaultConfigurationName = Release;
		};
/* End XCConfigurationList section */
	};
	rootObject = F1D8B6F92BED9B8400B47819 /* Project object */;
}
